
Microsoft Visual Studio Solution File, Format Version 12.00
# Visual Studio 2013
VisualStudioVersion = 12.0.21005.1
MinimumVisualStudioVersion = 10.0.40219.1
Project("{FAE04EC0-301F-11D3-BF4B-00C04F79EFBC}") = "TestExercitii", "TestExercitii\TestExercitii.csproj", "{49159831-AECD-4D35-B6C1-FB4C786AD277}"
EndProject
Project("{FAE04EC0-301F-11D3-BF4B-00C04F79EFBC}") = "Exercitiu2Csharp", "Exercitiu2Csharp\Exercitiu2Csharp.csproj", "{07BC4A0D-D5CA-4E0F-9EF1-DF94BA759FFE}"
EndProject
Project("{FAE04EC0-301F-11D3-BF4B-00C04F79EFBC}") = "Exercise3Csharp", "Exercise3Csharp\Exercise3Csharp.csproj", "{B67D4990-ABB4-4B1A-819E-7081F1E734F4}"
EndProject
Project("{FAE04EC0-301F-11D3-BF4B-00C04F79EFBC}") = "Exercise4Csharp", "Exercise4Csharp\Exercise4Csharp.csproj", "{BF88794E-E488-41ED-95E2-908F66680468}"
EndProject
Project("{FAE04EC0-301F-11D3-BF4B-00C04F79EFBC}") = "Exercise5Csharp", "Exercise5Csharp\Exercise5Csharp.csproj", "{DCCDCF03-A7AA-44A7-B85E-9ABE85570343}"
EndProject
Project("{FAE04EC0-301F-11D3-BF4B-00C04F79EFBC}") = "Exercise6Csharp", "Exercise6Csharp\Exercise6Csharp.csproj", "{43A0A215-F8E4-4EAA-BEE5-2633BC15507F}"
EndProject
Project("{FAE04EC0-301F-11D3-BF4B-00C04F79EFBC}") = "Exercise7Csharp", "Exercise7Csharp\Exercise7Csharp.csproj", "{CAB58981-0C02-484B-90BF-A20AD1CD402F}"
EndProject
Project("{FAE04EC0-301F-11D3-BF4B-00C04F79EFBC}") = "Exercise8Csharp", "Exercise8Csharp\Exercise8Csharp.csproj", "{4AB3D9C7-5975-4D94-9F4E-E881C662650B}"
EndProject
Project("{2150E333-8FDC-42A3-9474-1A3956D46DE8}") = "Csharp2", "Csharp2", "{EF302E59-2950-44E5-91AB-3B99635D2C40}"
EndProject
Project("{FAE04EC0-301F-11D3-BF4B-00C04F79EFBC}") = "Exercise1", "Exercise1\Exercise1.csproj", "{5DC05BA6-9E76-4EFF-A64C-BC6AC8C072CD}"
EndProject
Project("{2150E333-8FDC-42A3-9474-1A3956D46DE8}") = "Csharp1", "Csharp1", "{1C5C8029-EBE6-4FCA-92A2-2CCC412B970A}"
EndProject
Project("{2150E333-8FDC-42A3-9474-1A3956D46DE8}") = "Csharp3", "Csharp3", "{E2DA0A20-7308-45C4-A152-7000BEE108B5}"
EndProject
Project("{FAE04EC0-301F-11D3-BF4B-00C04F79EFBC}") = "Ex1", "Ex1\Ex1.csproj", "{63CC0159-39D1-41FC-91D5-9F290E953742}"
EndProject
Project("{2150E333-8FDC-42A3-9474-1A3956D46DE8}") = "MVC1", "MVC1", "{EA0C24D5-CCAF-413A-AC83-F36846452562}"
EndProject
Project("{FAE04EC0-301F-11D3-BF4B-00C04F79EFBC}") = "FZTHMVC", "FZTHMVC\FZTHMVC.csproj", "{16885A41-B467-468F-ADF2-DE36C3DACD9C}"
EndProject
Global
	GlobalSection(SolutionConfigurationPlatforms) = preSolution
		Debug|Any CPU = Debug|Any CPU
		Release|Any CPU = Release|Any CPU
	EndGlobalSection
	GlobalSection(ProjectConfigurationPlatforms) = postSolution
		{49159831-AECD-4D35-B6C1-FB4C786AD277}.Debug|Any CPU.ActiveCfg = Debug|Any CPU
		{49159831-AECD-4D35-B6C1-FB4C786AD277}.Debug|Any CPU.Build.0 = Debug|Any CPU
		{49159831-AECD-4D35-B6C1-FB4C786AD277}.Release|Any CPU.ActiveCfg = Release|Any CPU
		{49159831-AECD-4D35-B6C1-FB4C786AD277}.Release|Any CPU.Build.0 = Release|Any CPU
		{07BC4A0D-D5CA-4E0F-9EF1-DF94BA759FFE}.Debug|Any CPU.ActiveCfg = Debug|Any CPU
		{07BC4A0D-D5CA-4E0F-9EF1-DF94BA759FFE}.Debug|Any CPU.Build.0 = Debug|Any CPU
		{07BC4A0D-D5CA-4E0F-9EF1-DF94BA759FFE}.Release|Any CPU.ActiveCfg = Release|Any CPU
		{07BC4A0D-D5CA-4E0F-9EF1-DF94BA759FFE}.Release|Any CPU.Build.0 = Release|Any CPU
		{B67D4990-ABB4-4B1A-819E-7081F1E734F4}.Debug|Any CPU.ActiveCfg = Debug|Any CPU
		{B67D4990-ABB4-4B1A-819E-7081F1E734F4}.Debug|Any CPU.Build.0 = Debug|Any CPU
		{B67D4990-ABB4-4B1A-819E-7081F1E734F4}.Release|Any CPU.ActiveCfg = Release|Any CPU
		{B67D4990-ABB4-4B1A-819E-7081F1E734F4}.Release|Any CPU.Build.0 = Release|Any CPU
		{BF88794E-E488-41ED-95E2-908F66680468}.Debug|Any CPU.ActiveCfg = Debug|Any CPU
		{BF88794E-E488-41ED-95E2-908F66680468}.Debug|Any CPU.Build.0 = Debug|Any CPU
		{BF88794E-E488-41ED-95E2-908F66680468}.Release|Any CPU.ActiveCfg = Release|Any CPU
		{BF88794E-E488-41ED-95E2-908F66680468}.Release|Any CPU.Build.0 = Release|Any CPU
		{DCCDCF03-A7AA-44A7-B85E-9ABE85570343}.Debug|Any CPU.ActiveCfg = Debug|Any CPU
		{DCCDCF03-A7AA-44A7-B85E-9ABE85570343}.Debug|Any CPU.Build.0 = Debug|Any CPU
		{DCCDCF03-A7AA-44A7-B85E-9ABE85570343}.Release|Any CPU.ActiveCfg = Release|Any CPU
		{DCCDCF03-A7AA-44A7-B85E-9ABE85570343}.Release|Any CPU.Build.0 = Release|Any CPU
		{43A0A215-F8E4-4EAA-BEE5-2633BC15507F}.Debug|Any CPU.ActiveCfg = Debug|Any CPU
		{43A0A215-F8E4-4EAA-BEE5-2633BC15507F}.Debug|Any CPU.Build.0 = Debug|Any CPU
		{43A0A215-F8E4-4EAA-BEE5-2633BC15507F}.Release|Any CPU.ActiveCfg = Release|Any CPU
		{43A0A215-F8E4-4EAA-BEE5-2633BC15507F}.Release|Any CPU.Build.0 = Release|Any CPU
		{CAB58981-0C02-484B-90BF-A20AD1CD402F}.Debug|Any CPU.ActiveCfg = Debug|Any CPU
		{CAB58981-0C02-484B-90BF-A20AD1CD402F}.Debug|Any CPU.Build.0 = Debug|Any CPU
		{CAB58981-0C02-484B-90BF-A20AD1CD402F}.Release|Any CPU.ActiveCfg = Release|Any CPU
		{CAB58981-0C02-484B-90BF-A20AD1CD402F}.Release|Any CPU.Build.0 = Release|Any CPU
		{4AB3D9C7-5975-4D94-9F4E-E881C662650B}.Debug|Any CPU.ActiveCfg = Debug|Any CPU
		{4AB3D9C7-5975-4D94-9F4E-E881C662650B}.Debug|Any CPU.Build.0 = Debug|Any CPU
		{4AB3D9C7-5975-4D94-9F4E-E881C662650B}.Release|Any CPU.ActiveCfg = Release|Any CPU
		{4AB3D9C7-5975-4D94-9F4E-E881C662650B}.Release|Any CPU.Build.0 = Release|Any CPU
		{5DC05BA6-9E76-4EFF-A64C-BC6AC8C072CD}.Debug|Any CPU.ActiveCfg = Debug|Any CPU
		{5DC05BA6-9E76-4EFF-A64C-BC6AC8C072CD}.Debug|Any CPU.Build.0 = Debug|Any CPU
		{5DC05BA6-9E76-4EFF-A64C-BC6AC8C072CD}.Release|Any CPU.ActiveCfg = Release|Any CPU
		{5DC05BA6-9E76-4EFF-A64C-BC6AC8C072CD}.Release|Any CPU.Build.0 = Release|Any CPU
		{63CC0159-39D1-41FC-91D5-9F290E953742}.Debug|Any CPU.ActiveCfg = Debug|Any CPU
		{63CC0159-39D1-41FC-91D5-9F290E953742}.Debug|Any CPU.Build.0 = Debug|Any CPU
		{63CC0159-39D1-41FC-91D5-9F290E953742}.Release|Any CPU.ActiveCfg = Release|Any CPU
		{63CC0159-39D1-41FC-91D5-9F290E953742}.Release|Any CPU.Build.0 = Release|Any CPU
		{16885A41-B467-468F-ADF2-DE36C3DACD9C}.Debug|Any CPU.ActiveCfg = Debug|Any CPU
		{16885A41-B467-468F-ADF2-DE36C3DACD9C}.Debug|Any CPU.Build.0 = Debug|Any CPU
		{16885A41-B467-468F-ADF2-DE36C3DACD9C}.Release|Any CPU.ActiveCfg = Release|Any CPU
		{16885A41-B467-468F-ADF2-DE36C3DACD9C}.Release|Any CPU.Build.0 = Release|Any CPU
	EndGlobalSection
	GlobalSection(SolutionProperties) = preSolution
		HideSolutionNode = FALSE
	EndGlobalSection
	GlobalSection(NestedProjects) = preSolution
		{07BC4A0D-D5CA-4E0F-9EF1-DF94BA759FFE} = {1C5C8029-EBE6-4FCA-92A2-2CCC412B970A}
		{B67D4990-ABB4-4B1A-819E-7081F1E734F4} = {1C5C8029-EBE6-4FCA-92A2-2CCC412B970A}
		{BF88794E-E488-41ED-95E2-908F66680468} = {1C5C8029-EBE6-4FCA-92A2-2CCC412B970A}
		{DCCDCF03-A7AA-44A7-B85E-9ABE85570343} = {1C5C8029-EBE6-4FCA-92A2-2CCC412B970A}
		{43A0A215-F8E4-4EAA-BEE5-2633BC15507F} = {1C5C8029-EBE6-4FCA-92A2-2CCC412B970A}
		{CAB58981-0C02-484B-90BF-A20AD1CD402F} = {1C5C8029-EBE6-4FCA-92A2-2CCC412B970A}
		{4AB3D9C7-5975-4D94-9F4E-E881C662650B} = {1C5C8029-EBE6-4FCA-92A2-2CCC412B970A}
		{49159831-AECD-4D35-B6C1-FB4C786AD277} = {1C5C8029-EBE6-4FCA-92A2-2CCC412B970A}
		{5DC05BA6-9E76-4EFF-A64C-BC6AC8C072CD} = {EF302E59-2950-44E5-91AB-3B99635D2C40}
		{63CC0159-39D1-41FC-91D5-9F290E953742} = {E2DA0A20-7308-45C4-A152-7000BEE108B5}
		{16885A41-B467-468F-ADF2-DE36C3DACD9C} = {EA0C24D5-CCAF-413A-AC83-F36846452562}
	EndGlobalSection
EndGlobal
